
Microsoft Visual Studio Solution File, Format Version 12.00
# Visual Studio 15
VisualStudioVersion = 15.0.26228.9
MinimumVisualStudioVersion = 10.0.40219.1
Project("{2150E333-8FDC-42A3-9474-1A3956D46DE8}") = "Solution Items", "Solution Items", "{810AFE34-7010-4BB4-90BB-720C38F9B6BB}"
	ProjectSection(SolutionItems) = preProject
		LICENCE = LICENCE
		README.md = README.md
	EndProjectSection
EndProject
Project("{2150E333-8FDC-42A3-9474-1A3956D46DE8}") = "Samples", "Samples", "{68B04839-3F34-4406-9DDF-74D80B495A8C}"
EndProject
Project("{FAE04EC0-301F-11D3-BF4B-00C04F79EFBC}") = "DispatcherBindTest", "Samples\DispatcherBindTest\DispatcherBindTest.csproj", "{2F074DD8-47F7-43E6-860A-ADAC829A048C}"
EndProject
Project("{FAE04EC0-301F-11D3-BF4B-00C04F79EFBC}") = "DispatcherConnectTest", "Samples\DispatcherConnectTest\DispatcherConnectTest.csproj", "{CA84C355-A8F8-4C1E-A460-D69453ABFDAB}"
EndProject
Project("{2150E333-8FDC-42A3-9474-1A3956D46DE8}") = ".nuget", ".nuget", "{2DBE8F74-00A4-4641-9505-B666A109550C}"
	ProjectSection(SolutionItems) = preProject
		.nuget\NuGet.Config = .nuget\NuGet.Config
		.nuget\NuGet.exe = .nuget\NuGet.exe
		.nuget\NuGet.targets = .nuget\NuGet.targets
	EndProjectSection
EndProject
Project("{FAE04EC0-301F-11D3-BF4B-00C04F79EFBC}") = "DispatcherUtility", "Samples\DispatcherUtility\DispatcherUtility.csproj", "{AE79FF0D-5CC0-489F-8072-EA2500D6DA5F}"
EndProject
Project("{FAE04EC0-301F-11D3-BF4B-00C04F79EFBC}") = "BindTest", "Samples\BindTest\BindTest.csproj", "{42C8CAA6-3A1D-4EED-961D-449D5139ED7A}"
EndProject
Project("{FAE04EC0-301F-11D3-BF4B-00C04F79EFBC}") = "ConnectTest", "Samples\ConnectTest\ConnectTest.csproj", "{1A6EE45B-71F0-4907-A9C2-70FD8C10465B}"
EndProject
Project("{FAE04EC0-301F-11D3-BF4B-00C04F79EFBC}") = "Hyperletter.Typed", "Hyperletter.Typed\Hyperletter.Typed.csproj", "{5294CF89-1509-4374-9D0B-4226E700E6AB}"
EndProject
Project("{9A19103F-16F7-4668-BE54-9A1E7A4F7556}") = "Hyperletter", "Hyperletter\Hyperletter.csproj", "{3CABACB8-0FB8-49F8-B2DE-5C1283C92441}"
EndProject
Project("{FAE04EC0-301F-11D3-BF4B-00C04F79EFBC}") = "CoreSendAndReceiveTest", "Samples\CoreSendAndReceiveTest\CoreSendAndReceiveTest.csproj", "{83FBED38-0E22-4819-BB25-F7183131C65D}"
EndProject
Global
	GlobalSection(SolutionConfigurationPlatforms) = preSolution
		Debug|Any CPU = Debug|Any CPU
		Release|Any CPU = Release|Any CPU
	EndGlobalSection
	GlobalSection(ProjectConfigurationPlatforms) = postSolution
		{2F074DD8-47F7-43E6-860A-ADAC829A048C}.Debug|Any CPU.ActiveCfg = Debug|Any CPU
		{2F074DD8-47F7-43E6-860A-ADAC829A048C}.Debug|Any CPU.Build.0 = Debug|Any CPU
		{2F074DD8-47F7-43E6-860A-ADAC829A048C}.Release|Any CPU.ActiveCfg = Release|Any CPU
		{2F074DD8-47F7-43E6-860A-ADAC829A048C}.Release|Any CPU.Build.0 = Release|Any CPU
		{CA84C355-A8F8-4C1E-A460-D69453ABFDAB}.Debug|Any CPU.ActiveCfg = Debug|Any CPU
		{CA84C355-A8F8-4C1E-A460-D69453ABFDAB}.Debug|Any CPU.Build.0 = Debug|Any CPU
		{CA84C355-A8F8-4C1E-A460-D69453ABFDAB}.Release|Any CPU.ActiveCfg = Release|Any CPU
		{CA84C355-A8F8-4C1E-A460-D69453ABFDAB}.Release|Any CPU.Build.0 = Release|Any CPU
		{AE79FF0D-5CC0-489F-8072-EA2500D6DA5F}.Debug|Any CPU.ActiveCfg = Debug|Any CPU
		{AE79FF0D-5CC0-489F-8072-EA2500D6DA5F}.Debug|Any CPU.Build.0 = Debug|Any CPU
		{AE79FF0D-5CC0-489F-8072-EA2500D6DA5F}.Release|Any CPU.ActiveCfg = Release|Any CPU
		{AE79FF0D-5CC0-489F-8072-EA2500D6DA5F}.Release|Any CPU.Build.0 = Release|Any CPU
		{42C8CAA6-3A1D-4EED-961D-449D5139ED7A}.Debug|Any CPU.ActiveCfg = Debug|Any CPU
		{42C8CAA6-3A1D-4EED-961D-449D5139ED7A}.Debug|Any CPU.Build.0 = Debug|Any CPU
		{42C8CAA6-3A1D-4EED-961D-449D5139ED7A}.Release|Any CPU.ActiveCfg = Release|Any CPU
		{42C8CAA6-3A1D-4EED-961D-449D5139ED7A}.Release|Any CPU.Build.0 = Release|Any CPU
		{1A6EE45B-71F0-4907-A9C2-70FD8C10465B}.Debug|Any CPU.ActiveCfg = Debug|Any CPU
		{1A6EE45B-71F0-4907-A9C2-70FD8C10465B}.Debug|Any CPU.Build.0 = Debug|Any CPU
		{1A6EE45B-71F0-4907-A9C2-70FD8C10465B}.Release|Any CPU.ActiveCfg = Release|Any CPU
		{1A6EE45B-71F0-4907-A9C2-70FD8C10465B}.Release|Any CPU.Build.0 = Release|Any CPU
		{5294CF89-1509-4374-9D0B-4226E700E6AB}.Debug|Any CPU.ActiveCfg = Debug|Any CPU
		{5294CF89-1509-4374-9D0B-4226E700E6AB}.Debug|Any CPU.Build.0 = Debug|Any CPU
		{5294CF89-1509-4374-9D0B-4226E700E6AB}.Release|Any CPU.ActiveCfg = Release|Any CPU
		{5294CF89-1509-4374-9D0B-4226E700E6AB}.Release|Any CPU.Build.0 = Release|Any CPU
		{3CABACB8-0FB8-49F8-B2DE-5C1283C92441}.Debug|Any CPU.ActiveCfg = Debug|Any CPU
		{3CABACB8-0FB8-49F8-B2DE-5C1283C92441}.Debug|Any CPU.Build.0 = Debug|Any CPU
		{3CABACB8-0FB8-49F8-B2DE-5C1283C92441}.Release|Any CPU.ActiveCfg = Release|Any CPU
		{3CABACB8-0FB8-49F8-B2DE-5C1283C92441}.Release|Any CPU.Build.0 = Release|Any CPU
		{83FBED38-0E22-4819-BB25-F7183131C65D}.Debug|Any CPU.ActiveCfg = Debug|Any CPU
		{83FBED38-0E22-4819-BB25-F7183131C65D}.Debug|Any CPU.Build.0 = Debug|Any CPU
		{83FBED38-0E22-4819-BB25-F7183131C65D}.Release|Any CPU.ActiveCfg = Release|Any CPU
		{83FBED38-0E22-4819-BB25-F7183131C65D}.Release|Any CPU.Build.0 = Release|Any CPU
	EndGlobalSection
	GlobalSection(SolutionProperties) = preSolution
		HideSolutionNode = FALSE
	EndGlobalSection
	GlobalSection(NestedProjects) = preSolution
		{2F074DD8-47F7-43E6-860A-ADAC829A048C} = {68B04839-3F34-4406-9DDF-74D80B495A8C}
		{CA84C355-A8F8-4C1E-A460-D69453ABFDAB} = {68B04839-3F34-4406-9DDF-74D80B495A8C}
		{AE79FF0D-5CC0-489F-8072-EA2500D6DA5F} = {68B04839-3F34-4406-9DDF-74D80B495A8C}
		{42C8CAA6-3A1D-4EED-961D-449D5139ED7A} = {68B04839-3F34-4406-9DDF-74D80B495A8C}
		{1A6EE45B-71F0-4907-A9C2-70FD8C10465B} = {68B04839-3F34-4406-9DDF-74D80B495A8C}
		{83FBED38-0E22-4819-BB25-F7183131C65D} = {68B04839-3F34-4406-9DDF-74D80B495A8C}
	EndGlobalSection
EndGlobal
