
Microsoft Visual Studio Solution File, Format Version 12.00
# Visual Studio 11
Project("{FAE04EC0-301F-11D3-BF4B-00C04F79EFBC}") = "Hyperletter", "Hyperletter\Hyperletter.csproj", "{2F5F841F-4BDA-415F-8BAA-AAF09EDAE68E}"
EndProject
Project("{FAE04EC0-301F-11D3-BF4B-00C04F79EFBC}") = "BindTest", "BindTest\BindTest.csproj", "{42C8CAA6-3A1D-4EED-961D-449D5139ED7A}"
EndProject
Project("{FAE04EC0-301F-11D3-BF4B-00C04F79EFBC}") = "ConnectTest", "ConnectTest\ConnectTest.csproj", "{1A6EE45B-71F0-4907-A9C2-70FD8C10465B}"
EndProject
Project("{FAE04EC0-301F-11D3-BF4B-00C04F79EFBC}") = "Abstraction", "Abstraction\Abstraction.csproj", "{3EC2DAA6-C05B-4897-BEAD-CEE486BF66C9}"
EndProject
Project("{FAE04EC0-301F-11D3-BF4B-00C04F79EFBC}") = "Core", "Core\Core.csproj", "{3CABACB8-0FB8-49F8-B2DE-5C1283C92441}"
EndProject
Global
	GlobalSection(SolutionConfigurationPlatforms) = preSolution
		Debug|Any CPU = Debug|Any CPU
		Release|Any CPU = Release|Any CPU
	EndGlobalSection
	GlobalSection(ProjectConfigurationPlatforms) = postSolution
		{1A6EE45B-71F0-4907-A9C2-70FD8C10465B}.Debug|Any CPU.ActiveCfg = Debug|Any CPU
		{1A6EE45B-71F0-4907-A9C2-70FD8C10465B}.Debug|Any CPU.Build.0 = Debug|Any CPU
		{1A6EE45B-71F0-4907-A9C2-70FD8C10465B}.Release|Any CPU.ActiveCfg = Release|Any CPU
		{1A6EE45B-71F0-4907-A9C2-70FD8C10465B}.Release|Any CPU.Build.0 = Release|Any CPU
		{2F5F841F-4BDA-415F-8BAA-AAF09EDAE68E}.Debug|Any CPU.ActiveCfg = Debug|Any CPU
		{2F5F841F-4BDA-415F-8BAA-AAF09EDAE68E}.Debug|Any CPU.Build.0 = Debug|Any CPU
		{2F5F841F-4BDA-415F-8BAA-AAF09EDAE68E}.Release|Any CPU.ActiveCfg = Release|Any CPU
		{2F5F841F-4BDA-415F-8BAA-AAF09EDAE68E}.Release|Any CPU.Build.0 = Release|Any CPU
		{3CABACB8-0FB8-49F8-B2DE-5C1283C92441}.Debug|Any CPU.ActiveCfg = Debug|Any CPU
		{3CABACB8-0FB8-49F8-B2DE-5C1283C92441}.Debug|Any CPU.Build.0 = Debug|Any CPU
		{3CABACB8-0FB8-49F8-B2DE-5C1283C92441}.Release|Any CPU.ActiveCfg = Release|Any CPU
		{3CABACB8-0FB8-49F8-B2DE-5C1283C92441}.Release|Any CPU.Build.0 = Release|Any CPU
		{3EC2DAA6-C05B-4897-BEAD-CEE486BF66C9}.Debug|Any CPU.ActiveCfg = Debug|Any CPU
		{3EC2DAA6-C05B-4897-BEAD-CEE486BF66C9}.Debug|Any CPU.Build.0 = Debug|Any CPU
		{3EC2DAA6-C05B-4897-BEAD-CEE486BF66C9}.Release|Any CPU.ActiveCfg = Release|Any CPU
		{3EC2DAA6-C05B-4897-BEAD-CEE486BF66C9}.Release|Any CPU.Build.0 = Release|Any CPU
		{42C8CAA6-3A1D-4EED-961D-449D5139ED7A}.Debug|Any CPU.ActiveCfg = Debug|Any CPU
		{42C8CAA6-3A1D-4EED-961D-449D5139ED7A}.Debug|Any CPU.Build.0 = Debug|Any CPU
		{42C8CAA6-3A1D-4EED-961D-449D5139ED7A}.Release|Any CPU.ActiveCfg = Release|Any CPU
		{42C8CAA6-3A1D-4EED-961D-449D5139ED7A}.Release|Any CPU.Build.0 = Release|Any CPU
	EndGlobalSection
	GlobalSection(SolutionProperties) = preSolution
		HideSolutionNode = FALSE
	EndGlobalSection
EndGlobal
